
Microsoft Visual Studio Solution File, Format Version 12.00
# Visual Studio Version 17
VisualStudioVersion = 17.14.36121.58 d17.14
MinimumVisualStudioVersion = 10.0.40219.1
Project("{8BC9CEB8-8B4A-11D0-8D11-00A0C91BC942}") = "Project_Intercept1", "Project_Intercept1.vcxproj", "{7A43CF64-7B08-4678-AF5A-4ED605962E67}"
EndProject
Global
	GlobalSection(SolutionConfigurationPlatforms) = preSolution
		Debug|x64 = Debug|x64
		Debug|x86 = Debug|x86
		Release|x64 = Release|x64
		Release|x86 = Release|x86
	EndGlobalSection
	GlobalSection(ProjectConfigurationPlatforms) = postSolution
		{7A43CF64-7B08-4678-AF5A-4ED605962E67}.Debug|x64.ActiveCfg = Debug|x64
		{7A43CF64-7B08-4678-AF5A-4ED605962E67}.Debug|x64.Build.0 = Debug|x64
		{7A43CF64-7B08-4678-AF5A-4ED605962E67}.Debug|x86.ActiveCfg = Debug|Win32
		{7A43CF64-7B08-4678-AF5A-4ED605962E67}.Debug|x86.Build.0 = Debug|Win32
		{7A43CF64-7B08-4678-AF5A-4ED605962E67}.Release|x64.ActiveCfg = Release|x64
		{7A43CF64-7B08-4678-AF5A-4ED605962E67}.Release|x64.Build.0 = Release|x64
		{7A43CF64-7B08-4678-AF5A-4ED605962E67}.Release|x86.ActiveCfg = Release|Win32
		{7A43CF64-7B08-4678-AF5A-4ED605962E67}.Release|x86.Build.0 = Release|Win32
	EndGlobalSection
	GlobalSection(SolutionProperties) = preSolution
		HideSolutionNode = FALSE
	EndGlobalSection
	GlobalSection(ExtensibilityGlobals) = postSolution
		SolutionGuid = {0D1EC8E7-8DF8-473F-BA00-2032B31F160E}
	EndGlobalSection
EndGlobal
